
Microsoft Visual Studio Solution File, Format Version 12.00
# Visual Studio Version 17
VisualStudioVersion = 17.6.33829.357
MinimumVisualStudioVersion = 10.0.40219.1
Project("{FAE04EC0-301F-11D3-BF4B-00C04F79EFBC}") = "Records", "Records\Records.csproj", "{27BFE7EF-DD71-482F-8FDB-B77B85DE440E}"
EndProject
Global
	GlobalSection(SolutionConfigurationPlatforms) = preSolution
		Debug|Any CPU = Debug|Any CPU
		Release|Any CPU = Release|Any CPU
	EndGlobalSection
	GlobalSection(ProjectConfigurationPlatforms) = postSolution
		{27BFE7EF-DD71-482F-8FDB-B77B85DE440E}.Debug|Any CPU.ActiveCfg = Debug|Any CPU
		{27BFE7EF-DD71-482F-8FDB-B77B85DE440E}.Debug|Any CPU.Build.0 = Debug|Any CPU
		{27BFE7EF-DD71-482F-8FDB-B77B85DE440E}.Release|Any CPU.ActiveCfg = Release|Any CPU
		{27BFE7EF-DD71-482F-8FDB-B77B85DE440E}.Release|Any CPU.Build.0 = Release|Any CPU
	EndGlobalSection
	GlobalSection(SolutionProperties) = preSolution
		HideSolutionNode = FALSE
	EndGlobalSection
	GlobalSection(ExtensibilityGlobals) = postSolution
		SolutionGuid = {583D39A5-4221-4A5F-ACC0-127F573967F7}
	EndGlobalSection
EndGlobal
